[{<<"basho_stats">>,{pkg,<<"basho_stats">>,<<"1.0.3">>},1},
 {<<"bcrypt">>,{pkg,<<"bcrypt">>,<<"0.5.0-p3a">>},0},
 {<<"bear">>,{pkg,<<"bear">>,<<"0.8.3">>},2},
 {<<"bitcask">>,{pkg,<<"bitcask">>,<<"2.0.2">>},0},
 {<<"blume">>,{pkg,<<"blume">>,<<"0.1.0">>},1},
 {<<"bugsnag">>,{pkg,<<"bugsnag_erl">>,<<"0.1.4">>},0},
 {<<"cf">>,{pkg,<<"cf">>,<<"0.2.1">>},2},
 {<<"chash">>,{pkg,<<"chash">>,<<"0.1.1">>},1},
 {<<"clique">>,{pkg,<<"clique">>,<<"0.3.6">>},1},
 {<<"cuttlefish">>,{pkg,<<"cuttlefish">>,<<"2.0.8">>},1},
 {<<"ddb_client">>,{pkg,<<"ddb_client">>,<<"0.1.28">>},1},
 {<<"ddb_connection">>,{pkg,<<"ddb_connection">>,<<"0.1.10">>},2},
 {<<"dproto">>,{pkg,<<"dproto">>,<<"0.1.20">>},2},
 {<<"dqe_idx">>,{pkg,<<"dqe_idx">>,<<"0.1.18">>},1},
 {<<"dqe_idx_ddb">>,{pkg,<<"dqe_idx_ddb">>,<<"0.1.14">>},1},
 {<<"dqe_idx_pg">>,{pkg,<<"dqe_idx_pg">>,<<"0.2.12">>},1},
 {<<"edown">>,{pkg,<<"edown">>,<<"0.8.1">>},0},
 {<<"eleveldb">>,{pkg,<<"eleveldb">>,<<"2.2.19">>},1},
 {<<"eper">>,{pkg,<<"eper">>,<<"0.94.0">>},0},
 {<<"epgsql">>,{pkg,<<"epgsql">>,<<"3.1.1">>},3},
 {<<"erlang_localtime">>,{pkg,<<"erlang_localtime">>,<<"1.0.0">>},1},
 {<<"erlware_commons">>,{pkg,<<"erlware_commons">>,<<"0.20.0">>},1},
 {<<"erocksdb">>,{pkg,<<"erocksdb">>,<<"0.4.1">>},1},
 {<<"esel">>,{pkg,<<"esel">>,<<"0.1.2">>},0},
 {<<"esqlite">>,{pkg,<<"esqlite">>,<<"0.2.2">>},0},
 {<<"exometer_core">>,{pkg,<<"basho_exometer_core">>,<<"1.0.2">>},1},
 {<<"fifo_db">>,{pkg,<<"fifo_db">>,<<"0.2.3">>},0},
 {<<"fifo_dt">>,{pkg,<<"fifo_dt">>,<<"0.1.69">>},0},
 {<<"fifo_lager">>,
  {git,"https://github.com/project-fifo/fifo_lager.git",
       {ref,"c0e8e1611ee3c57f68a1fb99caa3c64390efcff7"}},
  0},
 {<<"fifo_spec">>,{pkg,<<"fifo_spec">>,<<"0.1.27">>},0},
 {<<"fifo_utils">>,{pkg,<<"fifo_utils">>,<<"0.1.22">>},0},
 {<<"folsom">>,{pkg,<<"folsom">>,<<"0.8.3">>},1},
 {<<"folsom_ddb">>,{pkg,<<"folsom_ddb">>,<<"0.1.28">>},0},
 {<<"getopt">>,{pkg,<<"getopt">>,<<"0.8.2">>},2},
 {<<"goldrush">>,{pkg,<<"goldrush">>,<<"0.1.8">>},1},
 {<<"jsx">>,{pkg,<<"jsx">>,<<"1.4.5">>},0},
 {<<"jsxd">>,{pkg,<<"jsxd">>,<<"0.1.10">>},0},
 {<<"lager">>,{pkg,<<"lager">>,<<"2.1.1">>},1},
 {<<"lager_graylog">>,{pkg,<<"lager_graylog">>,<<"0.1.1">>},1},
 {<<"lager_logstash_backend">>,
  {pkg,<<"lager_logstash_backend">>,<<"0.1.1">>},
  1},
 {<<"libsnarlmatch">>,{pkg,<<"libsnarlmatch">>,<<"0.1.7">>},0},
 {<<"mdns_server">>,{pkg,<<"mdns_server">>,<<"0.2.0">>},1},
 {<<"mdns_server_lib">>,{pkg,<<"mdns_server_lib">>,<<"0.2.3">>},0},
 {<<"merklet">>,
  {git,"https://github.com/ferd/merklet.git",
       {ref,"4ec5a04947231dfe23530fbcd549522a74ecc6dc"}},
  0},
 {<<"mmath">>,{pkg,<<"mmath">>,<<"0.2.9">>},2},
 {<<"oauth2">>,{pkg,<<"oauth2_erlang">>,<<"0.6.1">>},0},
 {<<"parse_trans">>,{pkg,<<"parse_trans">>,<<"2.9.0">>},2},
 {<<"pbkdf2">>,{pkg,<<"pbkdf2">>,<<"2.0.0">>},1},
 {<<"pgapp">>,{pkg,<<"pgapp">>,<<"0.0.1">>},2},
 {<<"poolboy">>,{pkg,<<"basho_poolboy">>,<<"0.8.1-p3">>},1},
 {<<"qdate">>,{pkg,<<"qdate">>,<<"0.4.3">>},0},
 {<<"quickrand">>,{pkg,<<"quickrand">>,<<"1.5.2-rc1">>},2},
 {<<"ranch">>,{pkg,<<"ranch">>,<<"1.1.0">>},1},
 {<<"rankmatcher">>,{pkg,<<"rankmatcher">>,<<"0.1.5">>},0},
 {<<"recon">>,{pkg,<<"recon">>,<<"2.3.2">>},0},
 {<<"riak_core">>,{pkg,<<"riak_core_ng">>,<<"2.2.6">>},0},
 {<<"riak_dt">>,{pkg,<<"riak_dt">>,<<"2.1.1">>},1},
 {<<"riak_ensemble">>,{pkg,<<"riak_ensemble_ng">>,<<"2.2.0">>},1},
 {<<"riak_sysmon">>,{pkg,<<"riak_sysmon">>,<<"2.1.3">>},1},
 {<<"setup">>,{pkg,<<"setup">>,<<"1.7.0">>},2},
 {<<"snappy">>,{pkg,<<"snappy">>,<<"1.1.1">>},2},
 {<<"uuid">>,{pkg,<<"uuid_erl">>,<<"1.5.1">>},1},
 {<<"yubico">>,{pkg,<<"yubico">>,<<"0.1.4">>},0}].
