[{<<"basho_stats">>,{pkg,<<"basho_stats">>,<<"1.0.3">>},1},
 {<<"bcrypt">>,{pkg,<<"bcrypt">>,<<"0.5.0-p3a">>},0},
 {<<"bear">>,{pkg,<<"bear">>,<<"0.8.3">>},2},
 {<<"bitcask">>,{pkg,<<"bitcask">>,<<"2.0.2">>},0},
 {<<"blume">>,{pkg,<<"blume">>,<<"0.1.0">>},1},
 {<<"bugsnag">>,
  {git,"https://github.com/project-fifo/bugsnag-erlang.git",
       {ref,"08839d06b861404ca90fffd2bfab7aa9ff519f2e"}},
  0},
 {<<"cf">>,{pkg,<<"cf">>,<<"0.2.1">>},2},
 {<<"chash">>,{pkg,<<"chash">>,<<"0.1.1">>},1},
 {<<"clique">>,{pkg,<<"clique">>,<<"0.3.6">>},1},
 {<<"cuttlefish">>,{pkg,<<"cuttlefish">>,<<"2.0.8">>},1},
 {<<"ddb_client">>,{pkg,<<"ddb_client">>,<<"0.1.30">>},1},
 {<<"ddb_connection">>,{pkg,<<"ddb_connection">>,<<"0.1.14">>},2},
 {<<"dproto">>,{pkg,<<"dproto">>,<<"0.1.25">>},2},
 {<<"dqe_idx">>,{pkg,<<"dqe_idx">>,<<"0.1.18">>},1},
 {<<"dqe_idx_ddb">>,{pkg,<<"dqe_idx_ddb">>,<<"0.1.14">>},1},
 {<<"dqe_idx_pg">>,{pkg,<<"dqe_idx_pg">>,<<"0.2.12">>},1},
 {<<"edown">>,{pkg,<<"edown">>,<<"0.8.1">>},0},
 {<<"eleveldb">>,{pkg,<<"eleveldb">>,<<"2.2.19">>},1},
 {<<"eper">>,{pkg,<<"eper">>,<<"0.94.0">>},0},
 {<<"epgsql">>,{pkg,<<"epgsql">>,<<"3.1.1">>},3},
 {<<"erlang_localtime">>,{pkg,<<"erlang_localtime">>,<<"1.0.0">>},1},
 {<<"erlware_commons">>,{pkg,<<"erlware_commons">>,<<"0.20.0">>},1},
 {<<"erocksdb">>,{pkg,<<"erocksdb">>,<<"0.4.1">>},1},
 {<<"esel">>,{pkg,<<"esel">>,<<"0.1.2">>},0},
 {<<"esqlite">>,{pkg,<<"esqlite">>,<<"0.2.2">>},0},
 {<<"exometer_core">>,{pkg,<<"basho_exometer_core">>,<<"1.0.2">>},1},
 {<<"fifo_db">>,
  {git,"https://github.com/project-fifo/fifo-db.git",
       {ref,"8acbc9bcf832a8b074ae764952e3b7d331417537"}},
  0},
 {<<"fifo_dt">>,
  {git,"https://github.com/project-fifo/fifo_dt.git",
       {ref,"9f72fc49070a16c65ed3e45dedfffce4d1a30203"}},
  0},
 {<<"fifo_lager">>,
  {git,"https://github.com/project-fifo/fifo_lager.git",
       {ref,"c0e8e1611ee3c57f68a1fb99caa3c64390efcff7"}},
  0},
 {<<"fifo_spec">>,
  {git,"https://github.com/project-fifo/fifo_spec.git",
       {ref,"8997433baf159e3431ea721599ef667129e9c646"}},
  0},
 {<<"fifo_utils">>,
  {git,"https://github.com/project-fifo/fifo_utils.git",
       {ref,"60071a5b3e3907ddc6df37667095275c1a9cfde1"}},
  0},
 {<<"folsom">>,{pkg,<<"folsom">>,<<"0.8.3">>},1},
 {<<"folsom_ddb">>,{pkg,<<"folsom_ddb">>,<<"0.1.30">>},0},
 {<<"getopt">>,{pkg,<<"getopt">>,<<"0.8.2">>},2},
 {<<"goldrush">>,{pkg,<<"goldrush">>,<<"0.1.8">>},1},
 {<<"jsone">>,{pkg,<<"jsone">>,<<"1.3.2">>},1},
 {<<"jsx">>,{pkg,<<"jsx">>,<<"1.4.5">>},0},
 {<<"jsxd">>,
  {git,"https://github.com/Licenser/jsxd.git",
       {ref,"c09f54e45af30170bb0b8be8f0daf3a2b972e2f8"}},
  0},
 {<<"lager">>,{pkg,<<"lager">>,<<"3.2.1">>},1},
 {<<"lager_graylog">>,{pkg,<<"lager_graylog">>,<<"0.1.1">>},1},
 {<<"lager_logstash_backend">>,
  {pkg,<<"lager_logstash_backend">>,<<"0.1.1">>},
  1},
 {<<"libsnarlmatch">>,
  {git,"https://github.com/project-fifo/libsnarlmatch.git",
       {ref,"c508c5e70aa48c44bc256a9aed81d4b127a4ec26"}},
  0},
 {<<"mdns_server">>,{pkg,<<"mdns_server">>,<<"0.2.0">>},1},
 {<<"mdns_server_lib">>,
  {git,"https://github.com/Licenser/mdns_server_lib.git",
       {ref,"4d3d6db89956243de558a800825efd38f2a1c9dd"}},
  0},
 {<<"merklet">>,{pkg,<<"merklet">>,<<"1.0.1">>},0},
 {<<"mmath">>,{pkg,<<"mmath">>,<<"0.2.9">>},2},
 {<<"oauth2">>,{pkg,<<"oauth2_erlang">>,<<"0.6.1">>},0},
 {<<"parse_trans">>,{pkg,<<"parse_trans">>,<<"2.9.0">>},2},
 {<<"pbkdf2">>,{pkg,<<"pbkdf2">>,<<"2.0.0">>},1},
 {<<"pgapp">>,{pkg,<<"pgapp">>,<<"0.0.1">>},2},
 {<<"poolboy">>,{pkg,<<"basho_poolboy">>,<<"0.8.1-p3">>},1},
 {<<"qdate">>,{pkg,<<"qdate">>,<<"0.4.3">>},0},
 {<<"quickrand">>,{pkg,<<"quickrand">>,<<"1.5.3">>},2},
 {<<"ranch">>,{pkg,<<"ranch">>,<<"1.1.0">>},1},
 {<<"rankmatcher">>,
  {git,"https://github.com/Licenser/rankmatcher.git",
       {ref,"8c5a9c31e0d27320d38cd8b372c31dbd8942fccd"}},
  0},
 {<<"recon">>,{pkg,<<"recon">>,<<"2.3.2">>},0},
 {<<"riak_core">>,
  {git,"https://github.com/project-fifo/riak_core",
       {ref,"872c412021400198755d16502cf95c1912d45d6d"}},
  0},
 {<<"riak_dt">>,{pkg,<<"riak_dt">>,<<"2.1.1">>},1},
 {<<"riak_ensemble">>,{pkg,<<"riak_ensemble_ng">>,<<"2.2.0">>},1},
 {<<"riak_sysmon">>,{pkg,<<"riak_sysmon">>,<<"2.1.2">>},1},
 {<<"setup">>,{pkg,<<"setup">>,<<"1.7.0">>},2},
 {<<"snappy">>,{pkg,<<"snappy">>,<<"1.1.1">>},2},
 {<<"uuid">>,{pkg,<<"uuid_erl">>,<<"1.5.3">>},1},
 {<<"yubico">>,
  {git,"https://github.com/project-fifo/erlang-yubico.git",
       {ref,"b83383d2217de3d64c58b2720bcef0010dd715b6"}},
  0}].
